Microsoft Visual Studio Solution File, Format Version 12.00
# Visual Studio Version 17
VisualStudioVersion = 17.1.32414.318
MinimumVisualStudioVersion = 10.0.40219.1
Project("{FAE04EC0-301F-11D3-BF4B-00C04F79EFBC}") = "BetaAI", "BetaAI\BetaAI.csproj", "{9BC6D61A-5D4B-4D57-BC6B-5E3F9D04377E}"
EndProject
Project("{E24C65DC-7377-472B-9ABA-BC803B73C61A}") = "TeamBeta", "http://localhost/TeamBeta", "{F6D61084-3D6B-4D43-8B1A-7D2E4CB9D6E1}"
	ProjectSection(WebsiteProperties) = preProject
		UseIISExpress = "false"
		TargetFrameworkMoniker = ".NETFramework,Version%3Dv4.8"
		ProjectReferences = "{9bc6d61a-5d4b-4d57-bc6b-5e3f9d04377e}|BetaAI.dll;"
		Debug.AspNetCompiler.VirtualPath = "/TeamBeta"
		Debug.AspNetCompiler.PhysicalPath = "..\..\..\..\..\AcmSites\TeamBeta\"
		Debug.AspNetCompiler.TargetPath = "PrecompiledWeb\TeamBeta\"
		Debug.AspNetCompiler.Updateable = "true"
		Debug.AspNetCompiler.ForceOverwrite = "true"
		Debug.AspNetCompiler.FixedNames = "false"
		Debug.AspNetCompiler.Debug = "True"
		Release.AspNetCompiler.VirtualPath = "/TeamBeta"
		Release.AspNetCompiler.PhysicalPath = "..\..\..\..\..\AcmSites\TeamBeta\"
		Release.AspNetCompiler.TargetPath = "PrecompiledWeb\TeamBeta\"
		Release.AspNetCompiler.Updateable = "true"
		Release.AspNetCompiler.ForceOverwrite = "true"
		Release.AspNetCompiler.FixedNames = "false"
		Release.AspNetCompiler.Debug = "False"
		SlnRelativePath = "..\..\..\..\..\AcmSites\TeamBeta\"
	EndProjectSection
EndProject
Global
	GlobalSection(SolutionConfigurationPlatforms) = preSolution
		Debug|Any CPU = Debug|Any CPU
	EndGlobalSection
	GlobalSection(ProjectConfigurationPlatforms) = postSolution
		{9BC6D61A-5D4B-4D57-BC6B-5E3F9D04377E}.Debug|Any CPU.ActiveCfg = Debug|Any CPU
		{9BC6D61A-5D4B-4D57-BC6B-5E3F9D04377E}.Debug|Any CPU.Build.0 = Debug|Any CPU
		{F6D61084-3D6B-4D43-8B1A-7D2E4CB9D6E1}.Debug|Any CPU.ActiveCfg = Debug|Any CPU
		{F6D61084-3D6B-4D43-8B1A-7D2E4CB9D6E1}.Debug|Any CPU.Build.0 = Debug|Any CPU
	EndGlobalSection
	GlobalSection(SolutionProperties) = preSolution
		HideSolutionNode = FALSE
	EndGlobalSection
	GlobalSection(ExtensibilityGlobals) = postSolution
		SolutionGuid = {78A6CA39-B91F-4361-B7A2-71693EC40606}
	EndGlobalSection
EndGlobal
